{
  "name": "syntaxlor",
  "lockfileVersion": 3,
  "requires": true,
  "packages": {
    "": {
      "dependencies": {
        "syntaxlor": "^0.1.0"
      }
    },
    "node_modules/syntaxlor": {
      "version": "0.1.0",
      "resolved": "https://registry.npmjs.org/syntaxlor/-/syntaxlor-0.1.0.tgz",
      "integrity": "sha512-/DOD96QGp9S4ogI0X6RzCvGdsXa9dlKY1oza7VkeUBFB03o9iMUJ57pT4op0JIUzbzRImRJR6TpNePQTfWJjqA==",
      "license": "ISC"
    }
  }
}
